PODS:
  - Kingfisher (7.10.2)
  - youtube-ios-player-helper (1.0.4)

DEPENDENCIES:
  - Kingfisher
  - youtube-ios-player-helper

SPEC REPOS:
  trunk:
    - Kingfisher
    - youtube-ios-player-helper

SPEC CHECKSUMS:
  Kingfisher: 99edc495d3b7607e6425f0d6f6847b2abd6d716d
  youtube-ios-player-helper: e9b97535e816db3152179d84d999bc1807ecd689

PODFILE CHECKSUM: 95c3ca1abedb35beecf89c0704906e36f1fbaf83

COCOAPODS: 1.14.3
